
Microsoft Visual Studio Solution File, Format Version 12.00
# Visual Studio 15
VisualStudioVersion = 15.0.27703.2026
MinimumVisualStudioVersion = 10.0.40219.1
Project("{8BC9CEB8-8B4A-11D0-8D11-00A0C91BC942}") = "NinguisProject", "NinguisProject\NinguisProject.vcxproj", "{4BD9459E-4D83-4E0F-A5D4-C1462D241E63}"
EndProject
Project("{8BC9CEB8-8B4A-11D0-8D11-00A0C91BC942}") = "GUI", "GUI\GUI.vcxproj", "{5830191C-8465-44A7-993C-CE376E0FFDD2}"
EndProject
Project("{8BC9CEB8-8B4A-11D0-8D11-00A0C91BC942}") = "RenderEngine", "RenderEngine\RenderEngine.vcxproj", "{1ED9B324-4730-4397-8D91-1DD2F4425EEC}"
EndProject
Project("{8BC9CEB8-8B4A-11D0-8D11-00A0C91BC942}") = "SoundEngine", "SoundEngine\SoundEngine.vcxproj", "{1CA1E74B-77F0-4973-BF48-F99AFB1A382A}"
EndProject
Project("{8BC9CEB8-8B4A-11D0-8D11-00A0C91BC942}") = "NinguisWinFrmw", "NinguisWinFrmw\NinguisWinFrmw.vcxproj", "{D1D69821-8EBA-490E-B716-A3AEDFD3F074}"
EndProject
Global
	GlobalSection(SolutionConfigurationPlatforms) = preSolution
		Debug|x64 = Debug|x64
		Debug|x86 = Debug|x86
		Release|x64 = Release|x64
		Release|x86 = Release|x86
	EndGlobalSection
	GlobalSection(ProjectConfigurationPlatforms) = postSolution
		{4BD9459E-4D83-4E0F-A5D4-C1462D241E63}.Debug|x64.ActiveCfg = Debug|x64
		{4BD9459E-4D83-4E0F-A5D4-C1462D241E63}.Debug|x64.Build.0 = Debug|x64
		{4BD9459E-4D83-4E0F-A5D4-C1462D241E63}.Debug|x86.ActiveCfg = Debug|Win32
		{4BD9459E-4D83-4E0F-A5D4-C1462D241E63}.Debug|x86.Build.0 = Debug|Win32
		{4BD9459E-4D83-4E0F-A5D4-C1462D241E63}.Release|x64.ActiveCfg = Release|x64
		{4BD9459E-4D83-4E0F-A5D4-C1462D241E63}.Release|x64.Build.0 = Release|x64
		{4BD9459E-4D83-4E0F-A5D4-C1462D241E63}.Release|x86.ActiveCfg = Release|Win32
		{4BD9459E-4D83-4E0F-A5D4-C1462D241E63}.Release|x86.Build.0 = Release|Win32
		{5830191C-8465-44A7-993C-CE376E0FFDD2}.Debug|x64.ActiveCfg = Debug|x64
		{5830191C-8465-44A7-993C-CE376E0FFDD2}.Debug|x64.Build.0 = Debug|x64
		{5830191C-8465-44A7-993C-CE376E0FFDD2}.Debug|x86.ActiveCfg = Debug|Win32
		{5830191C-8465-44A7-993C-CE376E0FFDD2}.Debug|x86.Build.0 = Debug|Win32
		{5830191C-8465-44A7-993C-CE376E0FFDD2}.Release|x64.ActiveCfg = Release|x64
		{5830191C-8465-44A7-993C-CE376E0FFDD2}.Release|x64.Build.0 = Release|x64
		{5830191C-8465-44A7-993C-CE376E0FFDD2}.Release|x86.ActiveCfg = Release|Win32
		{5830191C-8465-44A7-993C-CE376E0FFDD2}.Release|x86.Build.0 = Release|Win32
		{1ED9B324-4730-4397-8D91-1DD2F4425EEC}.Debug|x64.ActiveCfg = Debug|x64
		{1ED9B324-4730-4397-8D91-1DD2F4425EEC}.Debug|x64.Build.0 = Debug|x64
		{1ED9B324-4730-4397-8D91-1DD2F4425EEC}.Debug|x86.ActiveCfg = Debug|Win32
		{1ED9B324-4730-4397-8D91-1DD2F4425EEC}.Debug|x86.Build.0 = Debug|Win32
		{1ED9B324-4730-4397-8D91-1DD2F4425EEC}.Release|x64.ActiveCfg = Release|x64
		{1ED9B324-4730-4397-8D91-1DD2F4425EEC}.Release|x64.Build.0 = Release|x64
		{1ED9B324-4730-4397-8D91-1DD2F4425EEC}.Release|x86.ActiveCfg = Release|Win32
		{1ED9B324-4730-4397-8D91-1DD2F4425EEC}.Release|x86.Build.0 = Release|Win32
		{1CA1E74B-77F0-4973-BF48-F99AFB1A382A}.Debug|x64.ActiveCfg = Debug|x64
		{1CA1E74B-77F0-4973-BF48-F99AFB1A382A}.Debug|x64.Build.0 = Debug|x64
		{1CA1E74B-77F0-4973-BF48-F99AFB1A382A}.Debug|x86.ActiveCfg = Debug|Win32
		{1CA1E74B-77F0-4973-BF48-F99AFB1A382A}.Debug|x86.Build.0 = Debug|Win32
		{1CA1E74B-77F0-4973-BF48-F99AFB1A382A}.Release|x64.ActiveCfg = Release|x64
		{1CA1E74B-77F0-4973-BF48-F99AFB1A382A}.Release|x64.Build.0 = Release|x64
		{1CA1E74B-77F0-4973-BF48-F99AFB1A382A}.Release|x86.ActiveCfg = Release|Win32
		{1CA1E74B-77F0-4973-BF48-F99AFB1A382A}.Release|x86.Build.0 = Release|Win32
		{D1D69821-8EBA-490E-B716-A3AEDFD3F074}.Debug|x64.ActiveCfg = Debug|x64
		{D1D69821-8EBA-490E-B716-A3AEDFD3F074}.Debug|x64.Build.0 = Debug|x64
		{D1D69821-8EBA-490E-B716-A3AEDFD3F074}.Debug|x86.ActiveCfg = Debug|Win32
		{D1D69821-8EBA-490E-B716-A3AEDFD3F074}.Debug|x86.Build.0 = Debug|Win32
		{D1D69821-8EBA-490E-B716-A3AEDFD3F074}.Release|x64.ActiveCfg = Release|x64
		{D1D69821-8EBA-490E-B716-A3AEDFD3F074}.Release|x64.Build.0 = Release|x64
		{D1D69821-8EBA-490E-B716-A3AEDFD3F074}.Release|x86.ActiveCfg = Release|Win32
		{D1D69821-8EBA-490E-B716-A3AEDFD3F074}.Release|x86.Build.0 = Release|Win32
	EndGlobalSection
	GlobalSection(SolutionProperties) = preSolution
		HideSolutionNode = FALSE
	EndGlobalSection
	GlobalSection(ExtensibilityGlobals) = postSolution
		SolutionGuid = {AB93B8D0-822B-4707-8366-A81F4ABE3129}
	EndGlobalSection
EndGlobal
